
Microsoft Visual Studio Solution File, Format Version 12.00
# Visual Studio Version 17
VisualStudioVersion = 17.0.32112.339
MinimumVisualStudioVersion = 10.0.40219.1
Project("{9A19103F-16F7-4668-BE54-9A1E7A4F7556}") = "Encryptors", "Encryptors\Encryptors.csproj", "{938DCEA7-2CBD-4C93-A49A-A0014F240DA8}"
EndProject
Project("{9A19103F-16F7-4668-BE54-9A1E7A4F7556}") = "Encryptors.Examples.ClientServer", "Examples\Encryptors.Examples.ClientServer\Encryptors.Examples.ClientServer.csproj", "{364AB535-51E1-410C-AECE-67502F6B9B8E}"
EndProject
Project("{9A19103F-16F7-4668-BE54-9A1E7A4F7556}") = "Encryptors.Examples.Cryptographer", "Examples\Encryptors.Examples.Cryptographer\Encryptors.Examples.Cryptographer.csproj", "{76DC63FE-1EDF-4063-A9CB-9B2F515BE3CA}"
EndProject
Project("{9A19103F-16F7-4668-BE54-9A1E7A4F7556}") = "Encryptors.Examples.CryptographerPipelineBuilder", "Examples\Encryptors.Examples.CryptographerPipelineBuilder\Encryptors.Examples.CryptographerPipelineBuilder.csproj", "{02CB9630-853F-49C5-9C38-238965A3FE22}"
EndProject
Project("{FAE04EC0-301F-11D3-BF4B-00C04F79EFBC}") = "Encryptors.Tests", "Encryptors.Tests\Encryptors.Tests.csproj", "{50DB7A68-B5F6-4C2B-9733-FE456C625E1A}"
EndProject
Global
	GlobalSection(SolutionConfigurationPlatforms) = preSolution
		Debug|Any CPU = Debug|Any CPU
		Release|Any CPU = Release|Any CPU
	EndGlobalSection
	GlobalSection(ProjectConfigurationPlatforms) = postSolution
		{938DCEA7-2CBD-4C93-A49A-A0014F240DA8}.Debug|Any CPU.ActiveCfg = Debug|Any CPU
		{938DCEA7-2CBD-4C93-A49A-A0014F240DA8}.Debug|Any CPU.Build.0 = Debug|Any CPU
		{938DCEA7-2CBD-4C93-A49A-A0014F240DA8}.Release|Any CPU.ActiveCfg = Release|Any CPU
		{938DCEA7-2CBD-4C93-A49A-A0014F240DA8}.Release|Any CPU.Build.0 = Release|Any CPU
		{364AB535-51E1-410C-AECE-67502F6B9B8E}.Debug|Any CPU.ActiveCfg = Debug|Any CPU
		{364AB535-51E1-410C-AECE-67502F6B9B8E}.Debug|Any CPU.Build.0 = Debug|Any CPU
		{364AB535-51E1-410C-AECE-67502F6B9B8E}.Release|Any CPU.ActiveCfg = Release|Any CPU
		{364AB535-51E1-410C-AECE-67502F6B9B8E}.Release|Any CPU.Build.0 = Release|Any CPU
		{76DC63FE-1EDF-4063-A9CB-9B2F515BE3CA}.Debug|Any CPU.ActiveCfg = Debug|Any CPU
		{76DC63FE-1EDF-4063-A9CB-9B2F515BE3CA}.Debug|Any CPU.Build.0 = Debug|Any CPU
		{76DC63FE-1EDF-4063-A9CB-9B2F515BE3CA}.Release|Any CPU.ActiveCfg = Release|Any CPU
		{76DC63FE-1EDF-4063-A9CB-9B2F515BE3CA}.Release|Any CPU.Build.0 = Release|Any CPU
		{02CB9630-853F-49C5-9C38-238965A3FE22}.Debug|Any CPU.ActiveCfg = Debug|Any CPU
		{02CB9630-853F-49C5-9C38-238965A3FE22}.Debug|Any CPU.Build.0 = Debug|Any CPU
		{02CB9630-853F-49C5-9C38-238965A3FE22}.Release|Any CPU.ActiveCfg = Release|Any CPU
		{02CB9630-853F-49C5-9C38-238965A3FE22}.Release|Any CPU.Build.0 = Release|Any CPU
		{50DB7A68-B5F6-4C2B-9733-FE456C625E1A}.Debug|Any CPU.ActiveCfg = Debug|Any CPU
		{50DB7A68-B5F6-4C2B-9733-FE456C625E1A}.Debug|Any CPU.Build.0 = Debug|Any CPU
		{50DB7A68-B5F6-4C2B-9733-FE456C625E1A}.Release|Any CPU.ActiveCfg = Release|Any CPU
		{50DB7A68-B5F6-4C2B-9733-FE456C625E1A}.Release|Any CPU.Build.0 = Release|Any CPU
	EndGlobalSection
	GlobalSection(SolutionProperties) = preSolution
		HideSolutionNode = FALSE
	EndGlobalSection
	GlobalSection(ExtensibilityGlobals) = postSolution
		SolutionGuid = {0C6B082D-C24B-4C56-A803-BD4D609A74D9}
	EndGlobalSection
EndGlobal
